
Microsoft Visual Studio Solution File, Format Version 12.00
# Visual Studio Version 16
VisualStudioVersion = 16.0.31702.278
MinimumVisualStudioVersion = 10.0.40219.1
Project("{FAE04EC0-301F-11D3-BF4B-00C04F79EFBC}") = "MantenedorEF", "MantenedorEF\MantenedorEF.csproj", "{D8980CF9-7CC1-42EB-A700-BB241809BB13}"
EndProject
Global
	GlobalSection(SolutionConfigurationPlatforms) = preSolution
		Debug|Any CPU = Debug|Any CPU
		Release|Any CPU = Release|Any CPU
	EndGlobalSection
	GlobalSection(ProjectConfigurationPlatforms) = postSolution
		{D8980CF9-7CC1-42EB-A700-BB241809BB13}.Debug|Any CPU.ActiveCfg = Debug|Any CPU
		{D8980CF9-7CC1-42EB-A700-BB241809BB13}.Debug|Any CPU.Build.0 = Debug|Any CPU
		{D8980CF9-7CC1-42EB-A700-BB241809BB13}.Release|Any CPU.ActiveCfg = Release|Any CPU
		{D8980CF9-7CC1-42EB-A700-BB241809BB13}.Release|Any CPU.Build.0 = Release|Any CPU
	EndGlobalSection
	GlobalSection(SolutionProperties) = preSolution
		HideSolutionNode = FALSE
	EndGlobalSection
	GlobalSection(ExtensibilityGlobals) = postSolution
		SolutionGuid = {EC322654-72AC-463E-82E2-2C1FC7131E83}
	EndGlobalSection
EndGlobal
